
Microsoft Visual Studio Solution File, Format Version 12.00
# Visual Studio Version 16
VisualStudioVersion = 16.0.29326.143
MinimumVisualStudioVersion = 10.0.40219.1
Project("{FAE04EC0-301F-11D3-BF4B-00C04F79EFBC}") = "DatingSite", "DatingSite\DatingSite.csproj", "{9EB56A68-2347-4CD1-89B1-58EE9D7206BA}"
EndProject
Global
	GlobalSection(SolutionConfigurationPlatforms) = preSolution
		Debug|Any CPU = Debug|Any CPU
		Release|Any CPU = Release|Any CPU
	EndGlobalSection
	GlobalSection(ProjectConfigurationPlatforms) = postSolution
		{9EB56A68-2347-4CD1-89B1-58EE9D7206BA}.Debug|Any CPU.ActiveCfg = Debug|Any CPU
		{9EB56A68-2347-4CD1-89B1-58EE9D7206BA}.Debug|Any CPU.Build.0 = Debug|Any CPU
		{9EB56A68-2347-4CD1-89B1-58EE9D7206BA}.Release|Any CPU.ActiveCfg = Release|Any CPU
		{9EB56A68-2347-4CD1-89B1-58EE9D7206BA}.Release|Any CPU.Build.0 = Release|Any CPU
	EndGlobalSection
	GlobalSection(SolutionProperties) = preSolution
		HideSolutionNode = FALSE
	EndGlobalSection
	GlobalSection(ExtensibilityGlobals) = postSolution
		SolutionGuid = {CF35B87E-609C-4FBE-85BF-5B83EA17858D}
	EndGlobalSection
EndGlobal
